// !$*UTF8*$!
{
	archiveVersion = 1;
	classes = {
	};
	objectVersion = 45;
	objects = {

/* Begin PBXBuildFile section */
		1B48BC22129425FF00364E80 /* iphone.png in Resources */ = {isa = PBXBuildFile; fileRef = 1B48BC21129425FF00364E80 /* iphone.png */; };
		1B48BD251294675F00364E80 /* iphone_large.png in Resources */ = {isa = PBXBuildFile; fileRef = 1B48BD241294675F00364E80 /* iphone_large.png */; };
		1B48BD3B1294759600364E80 /* credits.html in Resources */ = {isa = PBXBuildFile; fileRef = 1B48BD3A1294759600364E80 /* credits.html */; };
		1B48BE371294900000364E80 /* license.txt in Resources */ = {isa = PBXBuildFile; fileRef = 1B48BE361294900000364E80 /* license.txt */; };
		1B48BECE12949F0100364E80 /* prowlmenu.icns in Resources */ = {isa = PBXBuildFile; fileRef = 1B48BECD12949F0100364E80 /* prowlmenu.icns */; };
		1B48C09712955D9800364E80 /* Sparkle.framework in Frameworks */ = {isa = PBXBuildFile; fileRef = 1B48C09612955D9800364E80 /* Sparkle.framework */; };
		1B48C0A612955E0800364E80 /* Sparkle.framework in CopyFiles */ = {isa = PBXBuildFile; fileRef = 1B48C09612955D9800364E80 /* Sparkle.framework */; };
		1B48C0EC1295DB2200364E80 /* prowlmenu.sdef in Resources */ = {isa = PBXBuildFile; fileRef = 1B48C0EB1295DB2200364E80 /* prowlmenu.sdef */; };
		1B48C1B21295F68600364E80 /* Growl.framework in Frameworks */ = {isa = PBXBuildFile; fileRef = 1B48C1B11295F68600364E80 /* Growl.framework */; };
		1B48C1BA1295F69E00364E80 /* Growl.framework in CopyFiles */ = {isa = PBXBuildFile; fileRef = 1B48C1B11295F68600364E80 /* Growl.framework */; };
		1B48C1E11295FB9200364E80 /* Growl Registration Ticket.growlRegDict in Resources */ = {isa = PBXBuildFile; fileRef = 1B48C1E01295FB9200364E80 /* Growl Registration Ticket.growlRegDict */; };
		1BAEEF4E129F151C00023EFD /* BGHUDAppKit.framework in Frameworks */ = {isa = PBXBuildFile; fileRef = 1BAEEF4D129F151C00023EFD /* BGHUDAppKit.framework */; };
		1BAEEF8B129F15AC00023EFD /* BGHUDAppKit.framework in CopyFiles */ = {isa = PBXBuildFile; fileRef = 1BAEEF4D129F151C00023EFD /* BGHUDAppKit.framework */; };
		1BC47494129D23FB0019956E /* dsa_pub.pem in Resources */ = {isa = PBXBuildFile; fileRef = 1BC47493129D23FB0019956E /* dsa_pub.pem */; };
		1BC474D7129DC4930019956E /* 3rdparty.rtf in Resources */ = {isa = PBXBuildFile; fileRef = 1BC474D6129DC4930019956E /* 3rdparty.rtf */; };
		1DDD58160DA1D0A300B32029 /* MainMenu.xib in Resources */ = {isa = PBXBuildFile; fileRef = 1DDD58140DA1D0A300B32029 /* MainMenu.xib */; };
		256AC3DA0F4B6AC300CF3369 /* prowlmenuAppDelegate.m in Sources */ = {isa = PBXBuildFile; fileRef = 256AC3D90F4B6AC300CF3369 /* prowlmenuAppDelegate.m */; };
		8D11072B0486CEB800E47090 /* InfoPlist.strings in Resources */ = {isa = PBXBuildFile; fileRef = 089C165CFE840E0CC02AAC07 /* InfoPlist.strings */; };
		8D11072D0486CEB800E47090 /* main.m in Sources */ = {isa = PBXBuildFile; fileRef = 29B97316FDCFA39411CA2CEA /* main.m */; settings = {ATTRIBUTES = (); }; };
		8D11072F0486CEB800E47090 /* Cocoa.framework in Frameworks */ = {isa = PBXBuildFile; fileRef = 1058C7A1FEA54F0111CA2CBB /* Cocoa.framework */; };
/* End PBXBuildFile section */

/* Begin PBXCopyFilesBuildPhase section */
		1B48BCB6129462BF00364E80 /* CopyFiles */ = {
			isa = PBXCopyFilesBuildPhase;
			buildActionMask = 2147483647;
			dstPath = "";
			dstSubfolderSpec = 10;
			files = (
				1BAEEF8B129F15AC00023EFD /* BGHUDAppKit.framework in CopyFiles */,
				1B48C1BA1295F69E00364E80 /* Growl.framework in CopyFiles */,
				1B48C0A612955E0800364E80 /* Sparkle.framework in CopyFiles */,
			);
			runOnlyForDeploymentPostprocessing = 0;
		};
/* End PBXCopyFilesBuildPhase section */

/* Begin PBXFileReference section */
		089C165DFE840E0CC02AAC07 /* English */ = {isa = PBXFileReference; fileEncoding = 4; lastKnownFileType = text.plist.strings; name = English; path = English.lproj/InfoPlist.strings; sourceTree = "<group>"; };
		1058C7A1FEA54F0111CA2CBB /* Cocoa.framework */ = {isa = PBXFileReference; lastKnownFileType = wrapper.framework; name = Cocoa.framework; path = /System/Library/Frameworks/Cocoa.framework; sourceTree = "<absolute>"; };
		13E42FB307B3F0F600E4EEF1 /* CoreData.framework */ = {isa = PBXFileReference; lastKnownFileType = wrapper.framework; name = CoreData.framework; path = /System/Library/Frameworks/CoreData.framework; sourceTree = "<absolute>"; };
		1B48BC21129425FF00364E80 /* iphone.png */ = {isa = PBXFileReference; lastKnownFileType = image.png; path = iphone.png; sourceTree = "<group>"; };
		1B48BD241294675F00364E80 /* iphone_large.png */ = {isa = PBXFileReference; lastKnownFileType = image.png; path = iphone_large.png; sourceTree = "<group>"; };
		1B48BD3A1294759600364E80 /* credits.html */ = {isa = PBXFileReference; fileEncoding = 4; lastKnownFileType = text.html; path = credits.html; sourceTree = "<group>"; };
		1B48BE361294900000364E80 /* license.txt */ = {isa = PBXFileReference; fileEncoding = 4; lastKnownFileType = text; path = license.txt; sourceTree = "<group>"; };
		1B48BECD12949F0100364E80 /* prowlmenu.icns */ = {isa = PBXFileReference; lastKnownFileType = image.icns; path = prowlmenu.icns; sourceTree = "<group>"; };
		1B48C09612955D9800364E80 /* Sparkle.framework */ = {isa = PBXFileReference; lastKnownFileType = wrapper.framework; path = Sparkle.framework; sourceTree = "<group>"; };
		1B48C0EB1295DB2200364E80 /* prowlmenu.sdef */ = {isa = PBXFileReference; fileEncoding = 4; lastKnownFileType = text.sdef; path = prowlmenu.sdef; sourceTree = "<group>"; };
		1B48C1B11295F68600364E80 /* Growl.framework */ = {isa = PBXFileReference; lastKnownFileType = wrapper.framework; path = Growl.framework; sourceTree = "<group>"; };
		1B48C1E01295FB9200364E80 /* Growl Registration Ticket.growlRegDict */ = {isa = PBXFileReference; fileEncoding = 4; lastKnownFileType = text; path = "Growl Registration Ticket.growlRegDict"; sourceTree = "<group>"; };
		1BAEEF4D129F151C00023EFD /* BGHUDAppKit.framework */ = {isa = PBXFileReference; lastKnownFileType = wrapper.framework; path = BGHUDAppKit.framework; sourceTree = "<group>"; };
		1BC47493129D23FB0019956E /* dsa_pub.pem */ = {isa = PBXFileReference; fileEncoding = 4; lastKnownFileType = text; path = dsa_pub.pem; sourceTree = "<group>"; };
		1BC474D6129DC4930019956E /* 3rdparty.rtf */ = {isa = PBXFileReference; lastKnownFileType = text.rtf; path = 3rdparty.rtf; sourceTree = "<group>"; };
		1DDD58150DA1D0A300B32029 /* English */ = {isa = PBXFileReference; lastKnownFileType = file.xib; name = English; path = English.lproj/MainMenu.xib; sourceTree = "<group>"; };
		256AC3D80F4B6AC300CF3369 /* prowlmenuAppDelegate.h */ = {isa = PBXFileReference; fileEncoding = 4; lastKnownFileType = sourcecode.c.h; path = prowlmenuAppDelegate.h; sourceTree = "<group>"; };
		256AC3D90F4B6AC300CF3369 /* prowlmenuAppDelegate.m */ = {isa = PBXFileReference; fileEncoding = 4; lastKnownFileType = sourcecode.c.objc; path = prowlmenuAppDelegate.m; sourceTree = "<group>"; };
		256AC3F00F4B6AF500CF3369 /* prowlmenu_Prefix.pch */ = {isa = PBXFileReference; fileEncoding = 4; lastKnownFileType = sourcecode.c.h; path = prowlmenu_Prefix.pch; sourceTree = "<group>"; };
		29B97316FDCFA39411CA2CEA /* main.m */ = {isa = PBXFileReference; fileEncoding = 4; lastKnownFileType = sourcecode.c.objc; path = main.m; sourceTree = "<group>"; };
		29B97324FDCFA39411CA2CEA /* AppKit.framework */ = {isa = PBXFileReference; lastKnownFileType = wrapper.framework; name = AppKit.framework; path = /System/Library/Frameworks/AppKit.framework; sourceTree = "<absolute>"; };
		29B97325FDCFA39411CA2CEA /* Foundation.framework */ = {isa = PBXFileReference; lastKnownFileType = wrapper.framework; name = Foundation.framework; path = /System/Library/Frameworks/Foundation.framework; sourceTree = "<absolute>"; };
		8D1107310486CEB800E47090 /* prowlmenu-Info.plist */ = {isa = PBXFileReference; fileEncoding = 4; lastKnownFileType = text.plist.xml; path = "prowlmenu-Info.plist"; sourceTree = "<group>"; };
		8D1107320486CEB800E47090 /* prowlmenu.app */ = {isa = PBXFileReference; explicitFileType = wrapper.application; includeInIndex = 0; path = prowlmenu.app; sourceTree = BUILT_PRODUCTS_DIR; };
/* End PBXFileReference section */

/* Begin PBXFrameworksBuildPhase section */
		8D11072E0486CEB800E47090 /* Frameworks */ = {
			isa = PBXFrameworksBuildPhase;
			buildActionMask = 2147483647;
			files = (
				8D11072F0486CEB800E47090 /* Cocoa.framework in Frameworks */,
				1B48C09712955D9800364E80 /* Sparkle.framework in Frameworks */,
				1B48C1B21295F68600364E80 /* Growl.framework in Frameworks */,
				1BAEEF4E129F151C00023EFD /* BGHUDAppKit.framework in Frameworks */,
			);
			runOnlyForDeploymentPostprocessing = 0;
		};
/* End PBXFrameworksBuildPhase section */

/* Begin PBXGroup section */
		080E96DDFE201D6D7F000001 /* Classes */ = {
			isa = PBXGroup;
			children = (
				256AC3D80F4B6AC300CF3369 /* prowlmenuAppDelegate.h */,
				256AC3D90F4B6AC300CF3369 /* prowlmenuAppDelegate.m */,
			);
			name = Classes;
			sourceTree = "<group>";
		};
		1058C7A0FEA54F0111CA2CBB /* Linked Frameworks */ = {
			isa = PBXGroup;
			children = (
				1BAEEF4D129F151C00023EFD /* BGHUDAppKit.framework */,
				1B48C1B11295F68600364E80 /* Growl.framework */,
				1B48C09612955D9800364E80 /* Sparkle.framework */,
				1058C7A1FEA54F0111CA2CBB /* Cocoa.framework */,
			);
			name = "Linked Frameworks";
			sourceTree = "<group>";
		};
		1058C7A2FEA54F0111CA2CBB /* Other Frameworks */ = {
			isa = PBXGroup;
			children = (
				29B97324FDCFA39411CA2CEA /* AppKit.framework */,
				13E42FB307B3F0F600E4EEF1 /* CoreData.framework */,
				29B97325FDCFA39411CA2CEA /* Foundation.framework */,
			);
			name = "Other Frameworks";
			sourceTree = "<group>";
		};
		19C28FACFE9D520D11CA2CBB /* Products */ = {
			isa = PBXGroup;
			children = (
				8D1107320486CEB800E47090 /* prowlmenu.app */,
			);
			name = Products;
			sourceTree = "<group>";
		};
		29B97314FDCFA39411CA2CEA /* prowlmenu */ = {
			isa = PBXGroup;
			children = (
				080E96DDFE201D6D7F000001 /* Classes */,
				29B97315FDCFA39411CA2CEA /* Other Sources */,
				29B97317FDCFA39411CA2CEA /* Resources */,
				29B97323FDCFA39411CA2CEA /* Frameworks */,
				19C28FACFE9D520D11CA2CBB /* Products */,
			);
			name = prowlmenu;
			sourceTree = "<group>";
		};
		29B97315FDCFA39411CA2CEA /* Other Sources */ = {
			isa = PBXGroup;
			children = (
				256AC3F00F4B6AF500CF3369 /* prowlmenu_Prefix.pch */,
				29B97316FDCFA39411CA2CEA /* main.m */,
			);
			name = "Other Sources";
			sourceTree = "<group>";
		};
		29B97317FDCFA39411CA2CEA /* Resources */ = {
			isa = PBXGroup;
			children = (
				1BC474D6129DC4930019956E /* 3rdparty.rtf */,
				1BC47493129D23FB0019956E /* dsa_pub.pem */,
				1B48C1E01295FB9200364E80 /* Growl Registration Ticket.growlRegDict */,
				1B48C0EB1295DB2200364E80 /* prowlmenu.sdef */,
				1B48BECD12949F0100364E80 /* prowlmenu.icns */,
				1B48BE361294900000364E80 /* license.txt */,
				1B48BD3A1294759600364E80 /* credits.html */,
				1B48BD241294675F00364E80 /* iphone_large.png */,
				1B48BC21129425FF00364E80 /* iphone.png */,
				8D1107310486CEB800E47090 /* prowlmenu-Info.plist */,
				089C165CFE840E0CC02AAC07 /* InfoPlist.strings */,
				1DDD58140DA1D0A300B32029 /* MainMenu.xib */,
			);
			name = Resources;
			sourceTree = "<group>";
		};
		29B97323FDCFA39411CA2CEA /* Frameworks */ = {
			isa = PBXGroup;
			children = (
				1058C7A0FEA54F0111CA2CBB /* Linked Frameworks */,
				1058C7A2FEA54F0111CA2CBB /* Other Frameworks */,
			);
			name = Frameworks;
			sourceTree = "<group>";
		};
/* End PBXGroup section */

/* Begin PBXNativeTarget section */
		8D1107260486CEB800E47090 /* prowlmenu */ = {
			isa = PBXNativeTarget;
			buildConfigurationList = C01FCF4A08A954540054247B /* Build configuration list for PBXNativeTarget "prowlmenu" */;
			buildPhases = (
				8D1107290486CEB800E47090 /* Resources */,
				8D11072C0486CEB800E47090 /* Sources */,
				8D11072E0486CEB800E47090 /* Frameworks */,
				1B48BCB6129462BF00364E80 /* CopyFiles */,
				1B48BE2C129488D700364E80 /* ShellScript */,
			);
			buildRules = (
			);
			dependencies = (
			);
			name = prowlmenu;
			productInstallPath = "$(HOME)/Applications";
			productName = prowlmenu;
			productReference = 8D1107320486CEB800E47090 /* prowlmenu.app */;
			productType = "com.apple.product-type.application";
		};
/* End PBXNativeTarget section */

/* Begin PBXProject section */
		29B97313FDCFA39411CA2CEA /* Project object */ = {
			isa = PBXProject;
			attributes = {
				ORGANIZATIONNAME = "Sebastian Kalcher";
			};
			buildConfigurationList = C01FCF4E08A954540054247B /* Build configuration list for PBXProject "prowlmenu" */;
			compatibilityVersion = "Xcode 3.1";
			developmentRegion = English;
			hasScannedForEncodings = 1;
			knownRegions = (
				English,
				Japanese,
				French,
				German,
			);
			mainGroup = 29B97314FDCFA39411CA2CEA /* prowlmenu */;
			projectDirPath = "";
			projectRoot = "";
			targets = (
				8D1107260486CEB800E47090 /* prowlmenu */,
			);
		};
/* End PBXProject section */

/* Begin PBXResourcesBuildPhase section */
		8D1107290486CEB800E47090 /* Resources */ = {
			isa = PBXResourcesBuildPhase;
			buildActionMask = 2147483647;
			files = (
				8D11072B0486CEB800E47090 /* InfoPlist.strings in Resources */,
				1DDD58160DA1D0A300B32029 /* MainMenu.xib in Resources */,
				1B48BC22129425FF00364E80 /* iphone.png in Resources */,
				1B48BD251294675F00364E80 /* iphone_large.png in Resources */,
				1B48BD3B1294759600364E80 /* credits.html in Resources */,
				1B48BE371294900000364E80 /* license.txt in Resources */,
				1B48BECE12949F0100364E80 /* prowlmenu.icns in Resources */,
				1B48C0EC1295DB2200364E80 /* prowlmenu.sdef in Resources */,
				1B48C1E11295FB9200364E80 /* Growl Registration Ticket.growlRegDict in Resources */,
				1BC47494129D23FB0019956E /* dsa_pub.pem in Resources */,
				1BC474D7129DC4930019956E /* 3rdparty.rtf in Resources */,
			);
			runOnlyForDeploymentPostprocessing = 0;
		};
/* End PBXResourcesBuildPhase section */

/* Begin PBXShellScriptBuildPhase section */
		1B48BE2C129488D700364E80 /* ShellScript */ = {
			isa = PBXShellScriptBuildPhase;
			buildActionMask = 2147483647;
			files = (
			);
			inputPaths = (
			);
			outputPaths = (
			);
			runOnlyForDeploymentPostprocessing = 0;
			shellPath = /bin/sh;
			shellScript = "rm -fR \"${CONFIGURATION_BUILD_DIR}/${WRAPPER_NAME}/Contents/Frameworks/BGHUDAppKit.framework/Versions/Current/Resources\"";
		};
/* End PBXShellScriptBuildPhase section */

/* Begin PBXSourcesBuildPhase section */
		8D11072C0486CEB800E47090 /* Sources */ = {
			isa = PBXSourcesBuildPhase;
			buildActionMask = 2147483647;
			files = (
				8D11072D0486CEB800E47090 /* main.m in Sources */,
				256AC3DA0F4B6AC300CF3369 /* prowlmenuAppDelegate.m in Sources */,
			);
			runOnlyForDeploymentPostprocessing = 0;
		};
/* End PBXSourcesBuildPhase section */

/* Begin PBXVariantGroup section */
		089C165CFE840E0CC02AAC07 /* InfoPlist.strings */ = {
			isa = PBXVariantGroup;
			children = (
				089C165DFE840E0CC02AAC07 /* English */,
			);
			name = InfoPlist.strings;
			sourceTree = "<group>";
		};
		1DDD58140DA1D0A300B32029 /* MainMenu.xib */ = {
			isa = PBXVariantGroup;
			children = (
				1DDD58150DA1D0A300B32029 /* English */,
			);
			name = MainMenu.xib;
			sourceTree = "<group>";
		};
/* End PBXVariantGroup section */

/* Begin XCBuildConfiguration section */
		C01FCF4B08A954540054247B /* Debug */ = {
			isa = XCBuildConfiguration;
			buildSettings = {
				ALWAYS_SEARCH_USER_PATHS = NO;
				APP_VERSION = 0.1;
				COPY_PHASE_STRIP = NO;
				FRAMEWORK_SEARCH_PATHS = (
					"$(inherited)",
					"\"$(SRCROOT)/../../Downloads/binarygod-BGHUDAppKit-8a706f1/build/Release\"",
					"\"$(SRCROOT)\"",
				);
				GCC_DYNAMIC_NO_PIC = NO;
				GCC_ENABLE_FIX_AND_CONTINUE = YES;
				GCC_MODEL_TUNING = G5;
				GCC_OPTIMIZATION_LEVEL = 0;
				GCC_PRECOMPILE_PREFIX_HEADER = YES;
				GCC_PREFIX_HEADER = prowlmenu_Prefix.pch;
				INFOPLIST_FILE = "prowlmenu-Info.plist";
				INSTALL_PATH = "$(HOME)/Applications";
				PRODUCT_NAME = prowlmenu;
			};
			name = Debug;
		};
		C01FCF4C08A954540054247B /* Release */ = {
			isa = XCBuildConfiguration;
			buildSettings = {
				ALWAYS_SEARCH_USER_PATHS = NO;
				APP_VERSION = 0.1;
				DEBUG_INFORMATION_FORMAT = "dwarf-with-dsym";
				FRAMEWORK_SEARCH_PATHS = (
					"$(inherited)",
					"\"$(SRCROOT)\"",
				);
				GCC_MODEL_TUNING = G5;
				GCC_PRECOMPILE_PREFIX_HEADER = YES;
				GCC_PREFIX_HEADER = prowlmenu_Prefix.pch;
				INFOPLIST_FILE = "prowlmenu-Info.plist";
				INSTALL_PATH = "$(HOME)/Applications";
				PRODUCT_NAME = prowlmenu;
			};
			name = Release;
		};
		C01FCF4F08A954540054247B /* Debug */ = {
			isa = XCBuildConfiguration;
			buildSettings = {
				ARCHS = "$(ARCHS_STANDARD_32_64_BIT)";
				GCC_C_LANGUAGE_STANDARD = gnu99;
				GCC_OPTIMIZATION_LEVEL = 0;
				GCC_WARN_ABOUT_RETURN_TYPE = YES;
				GCC_WARN_UNUSED_VARIABLE = YES;
				ONLY_ACTIVE_ARCH = YES;
				PREBINDING = NO;
				SDKROOT = macosx10.6;
			};
			name = Debug;
		};
		C01FCF5008A954540054247B /* Release */ = {
			isa = XCBuildConfiguration;
			buildSettings = {
				ARCHS = "$(ARCHS_STANDARD_32_64_BIT)";
				GCC_C_LANGUAGE_STANDARD = gnu99;
				GCC_WARN_ABOUT_RETURN_TYPE = YES;
				GCC_WARN_UNUSED_VARIABLE = YES;
				PREBINDING = NO;
				SDKROOT = macosx10.6;
			};
			name = Release;
		};
/* End XCBuildConfiguration section */

/* Begin XCConfigurationList section */
		C01FCF4A08A954540054247B /* Build configuration list for PBXNativeTarget "prowlmenu" */ = {
			isa = XCConfigurationList;
			buildConfigurations = (
				C01FCF4B08A954540054247B /* Debug */,
				C01FCF4C08A954540054247B /* Release */,
			);
			defaultConfigurationIsVisible = 0;
			defaultConfigurationName = Release;
		};
		C01FCF4E08A954540054247B /* Build configuration list for PBXProject "prowlmenu" */ = {
			isa = XCConfigurationList;
			buildConfigurations = (
				C01FCF4F08A954540054247B /* Debug */,
				C01FCF5008A954540054247B /* Release */,
			);
			defaultConfigurationIsVisible = 0;
			defaultConfigurationName = Release;
		};
/* End XCConfigurationList section */
	};
	rootObject = 29B97313FDCFA39411CA2CEA /* Project object */;
}
